
Microsoft Visual Studio Solution File, Format Version 12.00
# Visual Studio Version 17
VisualStudioVersion = 17.8.34309.116
MinimumVisualStudioVersion = 10.0.40219.1
Project("{FAE04EC0-301F-11D3-BF4B-00C04F79EFBC}") = "ConsoleApp35", "ConsoleApp35\ConsoleApp35.csproj", "{3C2615CD-7DA3-449D-A9E0-E6BFF1FFE662}"
EndProject
Global
	GlobalSection(SolutionConfigurationPlatforms) = preSolution
		Debug|Any CPU = Debug|Any CPU
		Release|Any CPU = Release|Any CPU
	EndGlobalSection
	GlobalSection(ProjectConfigurationPlatforms) = postSolution
		{3C2615CD-7DA3-449D-A9E0-E6BFF1FFE662}.Debug|Any CPU.ActiveCfg = Debug|Any CPU
		{3C2615CD-7DA3-449D-A9E0-E6BFF1FFE662}.Debug|Any CPU.Build.0 = Debug|Any CPU
		{3C2615CD-7DA3-449D-A9E0-E6BFF1FFE662}.Release|Any CPU.ActiveCfg = Release|Any CPU
		{3C2615CD-7DA3-449D-A9E0-E6BFF1FFE662}.Release|Any CPU.Build.0 = Release|Any CPU
	EndGlobalSection
	GlobalSection(SolutionProperties) = preSolution
		HideSolutionNode = FALSE
	EndGlobalSection
	GlobalSection(ExtensibilityGlobals) = postSolution
		SolutionGuid = {5B4496E7-C29E-4DAA-ABD4-FA6C9F4197B0}
	EndGlobalSection
EndGlobal
